
Microsoft Visual Studio Solution File, Format Version 12.00
# Visual Studio 15
VisualStudioVersion = 15.0.28307.329
MinimumVisualStudioVersion = 10.0.40219.1
Project("{FAE04EC0-301F-11D3-BF4B-00C04F79EFBC}") = "Ex4", "Ex4\Ex4.csproj", "{BF08EEC1-019D-474E-BADD-DEF174059126}"
EndProject
Global
	GlobalSection(SolutionConfigurationPlatforms) = preSolution
		Debug|Any CPU = Debug|Any CPU
		Release|Any CPU = Release|Any CPU
	EndGlobalSection
	GlobalSection(ProjectConfigurationPlatforms) = postSolution
		{BF08EEC1-019D-474E-BADD-DEF174059126}.Debug|Any CPU.ActiveCfg = Debug|Any CPU
		{BF08EEC1-019D-474E-BADD-DEF174059126}.Debug|Any CPU.Build.0 = Debug|Any CPU
		{BF08EEC1-019D-474E-BADD-DEF174059126}.Release|Any CPU.ActiveCfg = Release|Any CPU
		{BF08EEC1-019D-474E-BADD-DEF174059126}.Release|Any CPU.Build.0 = Release|Any CPU
	EndGlobalSection
	GlobalSection(SolutionProperties) = preSolution
		HideSolutionNode = FALSE
	EndGlobalSection
	GlobalSection(ExtensibilityGlobals) = postSolution
		SolutionGuid = {30716245-C9E0-4246-92BD-1DDE733B6F84}
	EndGlobalSection
EndGlobal
