
Microsoft Visual Studio Solution File, Format Version 12.00
# Visual Studio 15
VisualStudioVersion = 15.0.28307.329
MinimumVisualStudioVersion = 10.0.40219.1
Project("{FAE04EC0-301F-11D3-BF4B-00C04F79EFBC}") = "Task1", "Task1\Task1.csproj", "{E8E3B7B9-A767-4C62-B61C-9AB7264CD50F}"
EndProject
Global
	GlobalSection(SolutionConfigurationPlatforms) = preSolution
		Debug|Any CPU = Debug|Any CPU
		Release|Any CPU = Release|Any CPU
	EndGlobalSection
	GlobalSection(ProjectConfigurationPlatforms) = postSolution
		{E8E3B7B9-A767-4C62-B61C-9AB7264CD50F}.Debug|Any CPU.ActiveCfg = Debug|Any CPU
		{E8E3B7B9-A767-4C62-B61C-9AB7264CD50F}.Debug|Any CPU.Build.0 = Debug|Any CPU
		{E8E3B7B9-A767-4C62-B61C-9AB7264CD50F}.Release|Any CPU.ActiveCfg = Release|Any CPU
		{E8E3B7B9-A767-4C62-B61C-9AB7264CD50F}.Release|Any CPU.Build.0 = Release|Any CPU
	EndGlobalSection
	GlobalSection(SolutionProperties) = preSolution
		HideSolutionNode = FALSE
	EndGlobalSection
	GlobalSection(ExtensibilityGlobals) = postSolution
		SolutionGuid = {46E2A54F-6CC5-4257-8097-410EC4FE4056}
	EndGlobalSection
EndGlobal
